
Microsoft Visual Studio Solution File, Format Version 12.00
# Visual Studio Version 17
VisualStudioVersion = 17.8.34309.116
MinimumVisualStudioVersion = 10.0.40219.1
Project("{9A19103F-16F7-4668-BE54-9A1E7A4F7556}") = "Serialization_exercise", "Serialization_exercise\Serialization_exercise.csproj", "{506BD4F3-52A2-4A9B-A3C5-894983B7A77D}"
EndProject
Global
	GlobalSection(SolutionConfigurationPlatforms) = preSolution
		Debug|Any CPU = Debug|Any CPU
		Release|Any CPU = Release|Any CPU
	EndGlobalSection
	GlobalSection(ProjectConfigurationPlatforms) = postSolution
		{506BD4F3-52A2-4A9B-A3C5-894983B7A77D}.Debug|Any CPU.ActiveCfg = Debug|Any CPU
		{506BD4F3-52A2-4A9B-A3C5-894983B7A77D}.Debug|Any CPU.Build.0 = Debug|Any CPU
		{506BD4F3-52A2-4A9B-A3C5-894983B7A77D}.Release|Any CPU.ActiveCfg = Release|Any CPU
		{506BD4F3-52A2-4A9B-A3C5-894983B7A77D}.Release|Any CPU.Build.0 = Release|Any CPU
	EndGlobalSection
	GlobalSection(SolutionProperties) = preSolution
		HideSolutionNode = FALSE
	EndGlobalSection
	GlobalSection(ExtensibilityGlobals) = postSolution
		SolutionGuid = {F71771A6-A420-47DB-8B89-DA000E2650C6}
	EndGlobalSection
EndGlobal
